// !$*UTF8*$!
{
	archiveVersion = 1;
	classes = {
	};
	objectVersion = 56;
	objects = {

/* Begin PBXBuildFile section */
		EF5646502B0E33E100ED65DA /* QuoteOfTheDayWidgetAdvApp.swift in Sources */ = {isa = PBXBuildFile; fileRef = EF56464F2B0E33E100ED65DA /* QuoteOfTheDayWidgetAdvApp.swift */; };
		EF5646522B0E33E100ED65DA /* ContentView.swift in Sources */ = {isa = PBXBuildFile; fileRef = EF5646512B0E33E100ED65DA /* ContentView.swift */; };
		EF5646542B0E33E200ED65DA /* Assets.xcassets in Resources */ = {isa = PBXBuildFile; fileRef = EF5646532B0E33E200ED65DA /* Assets.xcassets */; };
		EF5646572B0E33E200ED65DA /* Preview Assets.xcassets in Resources */ = {isa = PBXBuildFile; fileRef = EF5646562B0E33E200ED65DA /* Preview Assets.xcassets */; };
		EF5646642B0E347A00ED65DA /* WidgetKit.framework in Frameworks */ = {isa = PBXBuildFile; fileRef = EF5646632B0E347900ED65DA /* WidgetKit.framework */; };
		EF5646662B0E347A00ED65DA /* SwiftUI.framework in Frameworks */ = {isa = PBXBuildFile; fileRef = EF5646652B0E347A00ED65DA /* SwiftUI.framework */; };
		EF5646752B0E347C00ED65DA /* DailyColorQuoteExtension.appex in Embed Foundation Extensions */ = {isa = PBXBuildFile; fileRef = EF5646612B0E347900ED65DA /* DailyColorQuoteExtension.appex */; settings = {ATTRIBUTES = (RemoveHeadersOnCopy, ); }; };
		EF56468A2B0E513500ED65DA /* quotes.json in Resources */ = {isa = PBXBuildFile; fileRef = EF5646892B0E513500ED65DA /* quotes.json */; };
		EF56468C2B0E514000ED65DA /* QuoteViewModel.swift in Sources */ = {isa = PBXBuildFile; fileRef = EF5646852B0E4FA600ED65DA /* QuoteViewModel.swift */; };
		EF56468D2B0E514000ED65DA /* QuoteModel.swift in Sources */ = {isa = PBXBuildFile; fileRef = EF5646832B0E4EED00ED65DA /* QuoteModel.swift */; };
		EF56468E2B0E514000ED65DA /* ColorModel.swift in Sources */ = {isa = PBXBuildFile; fileRef = EF56467A2B0E399C00ED65DA /* ColorModel.swift */; };
		EF56469C2B0E514C00ED65DA /* ColorModel.swift in Sources */ = {isa = PBXBuildFile; fileRef = EF56467A2B0E399C00ED65DA /* ColorModel.swift */; };
		EF56469D2B0E514C00ED65DA /* QuoteModel.swift in Sources */ = {isa = PBXBuildFile; fileRef = EF5646832B0E4EED00ED65DA /* QuoteModel.swift */; };
		EF56469F2B0E514C00ED65DA /* QuoteViewModel.swift in Sources */ = {isa = PBXBuildFile; fileRef = EF5646852B0E4FA600ED65DA /* QuoteViewModel.swift */; };
		EF5646A92B0E515200ED65DA /* Assets.xcassets in Resources */ = {isa = PBXBuildFile; fileRef = EF5646702B0E347C00ED65DA /* Assets.xcassets */; };
		EF5646AF2B0E540C00ED65DA /* DailyColorQuoteBundle.swift in Sources */ = {isa = PBXBuildFile; fileRef = EF5646682B0E347A00ED65DA /* DailyColorQuoteBundle.swift */; };
		EF5646B02B0E540C00ED65DA /* AppIntent.swift in Sources */ = {isa = PBXBuildFile; fileRef = EF56466E2B0E347A00ED65DA /* AppIntent.swift */; };
		EF5646B12B0E540C00ED65DA /* DailyColorQuoteLiveActivity.swift in Sources */ = {isa = PBXBuildFile; fileRef = EF56466A2B0E347A00ED65DA /* DailyColorQuoteLiveActivity.swift */; };
		EF5646B22B0E540C00ED65DA /* DailyColorQuote.swift in Sources */ = {isa = PBXBuildFile; fileRef = EF56466C2B0E347A00ED65DA /* DailyColorQuote.swift */; };
		EF5646B42B0E547100ED65DA /* quotes.json in Resources */ = {isa = PBXBuildFile; fileRef = EF5646892B0E513500ED65DA /* quotes.json */; };
/* End PBXBuildFile section */

/* Begin PBXContainerItemProxy section */
		EF5646732B0E347C00ED65DA /* PBXContainerItemProxy */ = {
			isa = PBXContainerItemProxy;
			containerPortal = EF5646442B0E33E100ED65DA /* Project object */;
			proxyType = 1;
			remoteGlobalIDString = EF5646602B0E347900ED65DA;
			remoteInfo = DailyColorQuoteExtension;
		};
/* End PBXContainerItemProxy section */

/* Begin PBXCopyFilesBuildPhase section */
		EF5646792B0E347C00ED65DA /* Embed Foundation Extensions */ = {
			isa = PBXCopyFilesBuildPhase;
			buildActionMask = 2147483647;
			dstPath = "";
			dstSubfolderSpec = 13;
			files = (
				EF5646752B0E347C00ED65DA /* DailyColorQuoteExtension.appex in Embed Foundation Extensions */,
			);
			name = "Embed Foundation Extensions";
			runOnlyForDeploymentPostprocessing = 0;
		};
/* End PBXCopyFilesBuildPhase section */

/* Begin PBXFileReference section */
		EF56464C2B0E33E100ED65DA /* QuoteOfTheDayWidgetAdv.app */ = {isa = PBXFileReference; explicitFileType = wrapper.application; includeInIndex = 0; path = QuoteOfTheDayWidgetAdv.app; sourceTree = BUILT_PRODUCTS_DIR; };
		EF56464F2B0E33E100ED65DA /* QuoteOfTheDayWidgetAdvApp.swift */ = {isa = PBXFileReference; lastKnownFileType = sourcecode.swift; path = QuoteOfTheDayWidgetAdvApp.swift; sourceTree = "<group>"; };
		EF5646512B0E33E100ED65DA /* ContentView.swift */ = {isa = PBXFileReference; lastKnownFileType = sourcecode.swift; path = ContentView.swift; sourceTree = "<group>"; };
		EF5646532B0E33E200ED65DA /* Assets.xcassets */ = {isa = PBXFileReference; lastKnownFileType = folder.assetcatalog; path = Assets.xcassets; sourceTree = "<group>"; };
		EF5646562B0E33E200ED65DA /* Preview Assets.xcassets */ = {isa = PBXFileReference; lastKnownFileType = folder.assetcatalog; path = "Preview Assets.xcassets"; sourceTree = "<group>"; };
		EF5646612B0E347900ED65DA /* DailyColorQuoteExtension.appex */ = {isa = PBXFileReference; explicitFileType = "wrapper.app-extension"; includeInIndex = 0; path = DailyColorQuoteExtension.appex; sourceTree = BUILT_PRODUCTS_DIR; };
		EF5646632B0E347900ED65DA /* WidgetKit.framework */ = {isa = PBXFileReference; lastKnownFileType = wrapper.framework; name = WidgetKit.framework; path = System/Library/Frameworks/WidgetKit.framework; sourceTree = SDKROOT; };
		EF5646652B0E347A00ED65DA /* SwiftUI.framework */ = {isa = PBXFileReference; lastKnownFileType = wrapper.framework; name = SwiftUI.framework; path = System/Library/Frameworks/SwiftUI.framework; sourceTree = SDKROOT; };
		EF5646682B0E347A00ED65DA /* DailyColorQuoteBundle.swift */ = {isa = PBXFileReference; lastKnownFileType = sourcecode.swift; path = DailyColorQuoteBundle.swift; sourceTree = "<group>"; };
		EF56466A2B0E347A00ED65DA /* DailyColorQuoteLiveActivity.swift */ = {isa = PBXFileReference; lastKnownFileType = sourcecode.swift; path = DailyColorQuoteLiveActivity.swift; sourceTree = "<group>"; };
		EF56466C2B0E347A00ED65DA /* DailyColorQuote.swift */ = {isa = PBXFileReference; lastKnownFileType = sourcecode.swift; path = DailyColorQuote.swift; sourceTree = "<group>"; };
		EF56466E2B0E347A00ED65DA /* AppIntent.swift */ = {isa = PBXFileReference; lastKnownFileType = sourcecode.swift; path = AppIntent.swift; sourceTree = "<group>"; };
		EF5646702B0E347C00ED65DA /* Assets.xcassets */ = {isa = PBXFileReference; lastKnownFileType = folder.assetcatalog; path = Assets.xcassets; sourceTree = "<group>"; };
		EF5646722B0E347C00ED65DA /* Info.plist */ = {isa = PBXFileReference; lastKnownFileType = text.plist.xml; path = Info.plist; sourceTree = "<group>"; };
		EF56467A2B0E399C00ED65DA /* ColorModel.swift */ = {isa = PBXFileReference; lastKnownFileType = sourcecode.swift; path = ColorModel.swift; sourceTree = "<group>"; };
		EF56467E2B0E3EC300ED65DA /* QuoteOfTheDayWidgetAdv */ = {isa = PBXFileReference; lastKnownFileType = folder; path = QuoteOfTheDayWidgetAdv; sourceTree = "<group>"; };
		EF5646832B0E4EED00ED65DA /* QuoteModel.swift */ = {isa = PBXFileReference; lastKnownFileType = sourcecode.swift; path = QuoteModel.swift; sourceTree = "<group>"; };
		EF5646852B0E4FA600ED65DA /* QuoteViewModel.swift */ = {isa = PBXFileReference; lastKnownFileType = sourcecode.swift; path = QuoteViewModel.swift; sourceTree = "<group>"; };
		EF5646892B0E513500ED65DA /* quotes.json */ = {isa = PBXFileReference; fileEncoding = 4; lastKnownFileType = text.json; path = quotes.json; sourceTree = "<group>"; };
/* End PBXFileReference section */

/* Begin PBXFrameworksBuildPhase section */
		EF5646492B0E33E100ED65DA /* Frameworks */ = {
			isa = PBXFrameworksBuildPhase;
			buildActionMask = 2147483647;
			files = (
			);
			runOnlyForDeploymentPostprocessing = 0;
		};
		EF56465E2B0E347900ED65DA /* Frameworks */ = {
			isa = PBXFrameworksBuildPhase;
			buildActionMask = 2147483647;
			files = (
				EF5646662B0E347A00ED65DA /* SwiftUI.framework in Frameworks */,
				EF5646642B0E347A00ED65DA /* WidgetKit.framework in Frameworks */,
			);
			runOnlyForDeploymentPostprocessing = 0;
		};
/* End PBXFrameworksBuildPhase section */

/* Begin PBXGroup section */
		EF5646432B0E33E100ED65DA = {
			isa = PBXGroup;
			children = (
				EF56464E2B0E33E100ED65DA /* QuoteOfTheDayWidgetAdv */,
				EF5646672B0E347A00ED65DA /* DailyColorQuote */,
				EF5646622B0E347900ED65DA /* Frameworks */,
				EF56464D2B0E33E100ED65DA /* Products */,
			);
			sourceTree = "<group>";
		};
		EF56464D2B0E33E100ED65DA /* Products */ = {
			isa = PBXGroup;
			children = (
				EF56464C2B0E33E100ED65DA /* QuoteOfTheDayWidgetAdv.app */,
				EF5646612B0E347900ED65DA /* DailyColorQuoteExtension.appex */,
			);
			name = Products;
			sourceTree = "<group>";
		};
		EF56464E2B0E33E100ED65DA /* QuoteOfTheDayWidgetAdv */ = {
			isa = PBXGroup;
			children = (
				EF56464F2B0E33E100ED65DA /* QuoteOfTheDayWidgetAdvApp.swift */,
				EF5646512B0E33E100ED65DA /* ContentView.swift */,
				EF56467A2B0E399C00ED65DA /* ColorModel.swift */,
				EF5646832B0E4EED00ED65DA /* QuoteModel.swift */,
				EF5646852B0E4FA600ED65DA /* QuoteViewModel.swift */,
				EF5646892B0E513500ED65DA /* quotes.json */,
				EF5646532B0E33E200ED65DA /* Assets.xcassets */,
				EF5646552B0E33E200ED65DA /* Preview Content */,
			);
			path = QuoteOfTheDayWidgetAdv;
			sourceTree = "<group>";
		};
		EF5646552B0E33E200ED65DA /* Preview Content */ = {
			isa = PBXGroup;
			children = (
				EF5646562B0E33E200ED65DA /* Preview Assets.xcassets */,
			);
			path = "Preview Content";
			sourceTree = "<group>";
		};
		EF5646622B0E347900ED65DA /* Frameworks */ = {
			isa = PBXGroup;
			children = (
				EF56467E2B0E3EC300ED65DA /* QuoteOfTheDayWidgetAdv */,
				EF5646632B0E347900ED65DA /* WidgetKit.framework */,
				EF5646652B0E347A00ED65DA /* SwiftUI.framework */,
			);
			name = Frameworks;
			sourceTree = "<group>";
		};
		EF5646672B0E347A00ED65DA /* DailyColorQuote */ = {
			isa = PBXGroup;
			children = (
				EF5646682B0E347A00ED65DA /* DailyColorQuoteBundle.swift */,
				EF56466A2B0E347A00ED65DA /* DailyColorQuoteLiveActivity.swift */,
				EF56466C2B0E347A00ED65DA /* DailyColorQuote.swift */,
				EF56466E2B0E347A00ED65DA /* AppIntent.swift */,
				EF5646702B0E347C00ED65DA /* Assets.xcassets */,
				EF5646722B0E347C00ED65DA /* Info.plist */,
			);
			path = DailyColorQuote;
			sourceTree = "<group>";
		};
/* End PBXGroup section */

/* Begin PBXNativeTarget section */
		EF56464B2B0E33E100ED65DA /* QuoteOfTheDayWidgetAdv */ = {
			isa = PBXNativeTarget;
			buildConfigurationList = EF56465A2B0E33E200ED65DA /* Build configuration list for PBXNativeTarget "QuoteOfTheDayWidgetAdv" */;
			buildPhases = (
				EF5646482B0E33E100ED65DA /* Sources */,
				EF5646492B0E33E100ED65DA /* Frameworks */,
				EF56464A2B0E33E100ED65DA /* Resources */,
				EF5646792B0E347C00ED65DA /* Embed Foundation Extensions */,
			);
			buildRules = (
			);
			dependencies = (
				EF5646742B0E347C00ED65DA /* PBXTargetDependency */,
			);
			name = QuoteOfTheDayWidgetAdv;
			productName = QuoteOfTheDayWidgetAdv;
			productReference = EF56464C2B0E33E100ED65DA /* QuoteOfTheDayWidgetAdv.app */;
			productType = "com.apple.product-type.application";
		};
		EF5646602B0E347900ED65DA /* DailyColorQuoteExtension */ = {
			isa = PBXNativeTarget;
			buildConfigurationList = EF5646762B0E347C00ED65DA /* Build configuration list for PBXNativeTarget "DailyColorQuoteExtension" */;
			buildPhases = (
				EF56465D2B0E347900ED65DA /* Sources */,
				EF56465E2B0E347900ED65DA /* Frameworks */,
				EF56465F2B0E347900ED65DA /* Resources */,
			);
			buildRules = (
			);
			dependencies = (
			);
			name = DailyColorQuoteExtension;
			productName = DailyColorQuoteExtension;
			productReference = EF5646612B0E347900ED65DA /* DailyColorQuoteExtension.appex */;
			productType = "com.apple.product-type.app-extension";
		};
/* End PBXNativeTarget section */

/* Begin PBXProject section */
		EF5646442B0E33E100ED65DA /* Project object */ = {
			isa = PBXProject;
			attributes = {
				BuildIndependentTargetsInParallel = 1;
				LastSwiftUpdateCheck = 1500;
				LastUpgradeCheck = 1500;
				TargetAttributes = {
					EF56464B2B0E33E100ED65DA = {
						CreatedOnToolsVersion = 15.0.1;
					};
					EF5646602B0E347900ED65DA = {
						CreatedOnToolsVersion = 15.0.1;
					};
				};
			};
			buildConfigurationList = EF5646472B0E33E100ED65DA /* Build configuration list for PBXProject "QuoteOfTheDayWidgetAdv" */;
			compatibilityVersion = "Xcode 14.0";
			developmentRegion = en;
			hasScannedForEncodings = 0;
			knownRegions = (
				en,
				Base,
			);
			mainGroup = EF5646432B0E33E100ED65DA;
			productRefGroup = EF56464D2B0E33E100ED65DA /* Products */;
			projectDirPath = "";
			projectRoot = "";
			targets = (
				EF56464B2B0E33E100ED65DA /* QuoteOfTheDayWidgetAdv */,
				EF5646602B0E347900ED65DA /* DailyColorQuoteExtension */,
			);
		};
/* End PBXProject section */

/* Begin PBXResourcesBuildPhase section */
		EF56464A2B0E33E100ED65DA /* Resources */ = {
			isa = PBXResourcesBuildPhase;
			buildActionMask = 2147483647;
			files = (
				EF5646572B0E33E200ED65DA /* Preview Assets.xcassets in Resources */,
				EF56468A2B0E513500ED65DA /* quotes.json in Resources */,
				EF5646542B0E33E200ED65DA /* Assets.xcassets in Resources */,
			);
			runOnlyForDeploymentPostprocessing = 0;
		};
		EF56465F2B0E347900ED65DA /* Resources */ = {
			isa = PBXResourcesBuildPhase;
			buildActionMask = 2147483647;
			files = (
				EF5646B42B0E547100ED65DA /* quotes.json in Resources */,
				EF5646A92B0E515200ED65DA /* Assets.xcassets in Resources */,
			);
			runOnlyForDeploymentPostprocessing = 0;
		};
/* End PBXResourcesBuildPhase section */

/* Begin PBXSourcesBuildPhase section */
		EF5646482B0E33E100ED65DA /* Sources */ = {
			isa = PBXSourcesBuildPhase;
			buildActionMask = 2147483647;
			files = (
				EF56468C2B0E514000ED65DA /* QuoteViewModel.swift in Sources */,
				EF5646522B0E33E100ED65DA /* ContentView.swift in Sources */,
				EF56468D2B0E514000ED65DA /* QuoteModel.swift in Sources */,
				EF5646502B0E33E100ED65DA /* QuoteOfTheDayWidgetAdvApp.swift in Sources */,
				EF56468E2B0E514000ED65DA /* ColorModel.swift in Sources */,
			);
			runOnlyForDeploymentPostprocessing = 0;
		};
		EF56465D2B0E347900ED65DA /* Sources */ = {
			isa = PBXSourcesBuildPhase;
			buildActionMask = 2147483647;
			files = (
				EF5646AF2B0E540C00ED65DA /* DailyColorQuoteBundle.swift in Sources */,
				EF56469F2B0E514C00ED65DA /* QuoteViewModel.swift in Sources */,
				EF5646B02B0E540C00ED65DA /* AppIntent.swift in Sources */,
				EF56469C2B0E514C00ED65DA /* ColorModel.swift in Sources */,
				EF56469D2B0E514C00ED65DA /* QuoteModel.swift in Sources */,
				EF5646B12B0E540C00ED65DA /* DailyColorQuoteLiveActivity.swift in Sources */,
				EF5646B22B0E540C00ED65DA /* DailyColorQuote.swift in Sources */,
			);
			runOnlyForDeploymentPostprocessing = 0;
		};
/* End PBXSourcesBuildPhase section */

/* Begin PBXTargetDependency section */
		EF5646742B0E347C00ED65DA /* PBXTargetDependency */ = {
			isa = PBXTargetDependency;
			target = EF5646602B0E347900ED65DA /* DailyColorQuoteExtension */;
			targetProxy = EF5646732B0E347C00ED65DA /* PBXContainerItemProxy */;
		};
/* End PBXTargetDependency section */

/* Begin XCBuildConfiguration section */
		EF5646582B0E33E200ED65DA /* Debug */ = {
			isa = XCBuildConfiguration;
			buildSettings = {
				ALWAYS_SEARCH_USER_PATHS = NO;
				ASSETCATALOG_COMPILER_GENERATE_SWIFT_ASSET_SYMBOL_EXTENSIONS = YES;
				CLANG_ANALYZER_NONNULL = YES;
				CLANG_ANALYZER_NUMBER_OBJECT_CONVERSION = YES_AGGRESSIVE;
				CLANG_CXX_LANGUAGE_STANDARD = "gnu++20";
				CLANG_ENABLE_MODULES = YES;
				CLANG_ENABLE_OBJC_ARC = YES;
				CLANG_ENABLE_OBJC_WEAK = YES;
				CLANG_WARN_BLOCK_CAPTURE_AUTORELEASING = YES;
				CLANG_WARN_BOOL_CONVERSION = YES;
				CLANG_WARN_COMMA = YES;
				CLANG_WARN_CONSTANT_CONVERSION = YES;
				CLANG_WARN_DEPRECATED_OBJC_IMPLEMENTATIONS = YES;
				CLANG_WARN_DIRECT_OBJC_ISA_USAGE = YES_ERROR;
				CLANG_WARN_DOCUMENTATION_COMMENTS = YES;
				CLANG_WARN_EMPTY_BODY = YES;
				CLANG_WARN_ENUM_CONVERSION = YES;
				CLANG_WARN_INFINITE_RECURSION = YES;
				CLANG_WARN_INT_CONVERSION = YES;
				CLANG_WARN_NON_LITERAL_NULL_CONVERSION = YES;
				CLANG_WARN_OBJC_IMPLICIT_RETAIN_SELF = YES;
				CLANG_WARN_OBJC_LITERAL_CONVERSION = YES;
				CLANG_WARN_OBJC_ROOT_CLASS = YES_ERROR;
				CLANG_WARN_QUOTED_INCLUDE_IN_FRAMEWORK_HEADER = YES;
				CLANG_WARN_RANGE_LOOP_ANALYSIS = YES;
				CLANG_WARN_STRICT_PROTOTYPES = YES;
				CLANG_WARN_SUSPICIOUS_MOVE = YES;
				CLANG_WARN_UNGUARDED_AVAILABILITY = YES_AGGRESSIVE;
				CLANG_WARN_UNREACHABLE_CODE = YES;
				CLANG_WARN__DUPLICATE_METHOD_MATCH = YES;
				COPY_PHASE_STRIP = NO;
				DEBUG_INFORMATION_FORMAT = dwarf;
				ENABLE_STRICT_OBJC_MSGSEND = YES;
				ENABLE_TESTABILITY = YES;
				ENABLE_USER_SCRIPT_SANDBOXING = YES;
				GCC_C_LANGUAGE_STANDARD = gnu17;
				GCC_DYNAMIC_NO_PIC = NO;
				GCC_NO_COMMON_BLOCKS = YES;
				GCC_OPTIMIZATION_LEVEL = 0;
				GCC_PREPROCESSOR_DEFINITIONS = (
					"DEBUG=1",
					"$(inherited)",
				);
				GCC_WARN_64_TO_32_BIT_CONVERSION = YES;
				GCC_WARN_ABOUT_RETURN_TYPE = YES_ERROR;
				GCC_WARN_UNDECLARED_SELECTOR = YES;
				GCC_WARN_UNINITIALIZED_AUTOS = YES_AGGRESSIVE;
				GCC_WARN_UNUSED_FUNCTION = YES;
				GCC_WARN_UNUSED_VARIABLE = YES;
				IPHONEOS_DEPLOYMENT_TARGET = 17.0;
				LOCALIZATION_PREFERS_STRING_CATALOGS = YES;
				MTL_ENABLE_DEBUG_INFO = INCLUDE_SOURCE;
				MTL_FAST_MATH = YES;
				ONLY_ACTIVE_ARCH = YES;
				SDKROOT = iphoneos;
				SWIFT_ACTIVE_COMPILATION_CONDITIONS = "DEBUG $(inherited)";
				SWIFT_OPTIMIZATION_LEVEL = "-Onone";
			};
			name = Debug;
		};
		EF5646592B0E33E200ED65DA /* Release */ = {
			isa = XCBuildConfiguration;
			buildSettings = {
				ALWAYS_SEARCH_USER_PATHS = NO;
				ASSETCATALOG_COMPILER_GENERATE_SWIFT_ASSET_SYMBOL_EXTENSIONS = YES;
				CLANG_ANALYZER_NONNULL = YES;
				CLANG_ANALYZER_NUMBER_OBJECT_CONVERSION = YES_AGGRESSIVE;
				CLANG_CXX_LANGUAGE_STANDARD = "gnu++20";
				CLANG_ENABLE_MODULES = YES;
				CLANG_ENABLE_OBJC_ARC = YES;
				CLANG_ENABLE_OBJC_WEAK = YES;
				CLANG_WARN_BLOCK_CAPTURE_AUTORELEASING = YES;
				CLANG_WARN_BOOL_CONVERSION = YES;
				CLANG_WARN_COMMA = YES;
				CLANG_WARN_CONSTANT_CONVERSION = YES;
				CLANG_WARN_DEPRECATED_OBJC_IMPLEMENTATIONS = YES;
				CLANG_WARN_DIRECT_OBJC_ISA_USAGE = YES_ERROR;
				CLANG_WARN_DOCUMENTATION_COMMENTS = YES;
				CLANG_WARN_EMPTY_BODY = YES;
				CLANG_WARN_ENUM_CONVERSION = YES;
				CLANG_WARN_INFINITE_RECURSION = YES;
				CLANG_WARN_INT_CONVERSION = YES;
				CLANG_WARN_NON_LITERAL_NULL_CONVERSION = YES;
				CLANG_WARN_OBJC_IMPLICIT_RETAIN_SELF = YES;
				CLANG_WARN_OBJC_LITERAL_CONVERSION = YES;
				CLANG_WARN_OBJC_ROOT_CLASS = YES_ERROR;
				CLANG_WARN_QUOTED_INCLUDE_IN_FRAMEWORK_HEADER = YES;
				CLANG_WARN_RANGE_LOOP_ANALYSIS = YES;
				CLANG_WARN_STRICT_PROTOTYPES = YES;
				CLANG_WARN_SUSPICIOUS_MOVE = YES;
				CLANG_WARN_UNGUARDED_AVAILABILITY = YES_AGGRESSIVE;
				CLANG_WARN_UNREACHABLE_CODE = YES;
				CLANG_WARN__DUPLICATE_METHOD_MATCH = YES;
				COPY_PHASE_STRIP = NO;
				DEBUG_INFORMATION_FORMAT = "dwarf-with-dsym";
				ENABLE_NS_ASSERTIONS = NO;
				ENABLE_STRICT_OBJC_MSGSEND = YES;
				ENABLE_USER_SCRIPT_SANDBOXING = YES;
				GCC_C_LANGUAGE_STANDARD = gnu17;
				GCC_NO_COMMON_BLOCKS = YES;
				GCC_WARN_64_TO_32_BIT_CONVERSION = YES;
				GCC_WARN_ABOUT_RETURN_TYPE = YES_ERROR;
				GCC_WARN_UNDECLARED_SELECTOR = YES;
				GCC_WARN_UNINITIALIZED_AUTOS = YES_AGGRESSIVE;
				GCC_WARN_UNUSED_FUNCTION = YES;
				GCC_WARN_UNUSED_VARIABLE = YES;
				IPHONEOS_DEPLOYMENT_TARGET = 17.0;
				LOCALIZATION_PREFERS_STRING_CATALOGS = YES;
				MTL_ENABLE_DEBUG_INFO = NO;
				MTL_FAST_MATH = YES;
				SDKROOT = iphoneos;
				SWIFT_COMPILATION_MODE = wholemodule;
				VALIDATE_PRODUCT = YES;
			};
			name = Release;
		};
		EF56465B2B0E33E200ED65DA /* Debug */ = {
			isa = XCBuildConfiguration;
			buildSettings = {
				ALWAYS_EMBED_SWIFT_STANDARD_LIBRARIES = YES;
				ASSETCATALOG_COMPILER_APPICON_NAME = AppIcon;
				ASSETCATALOG_COMPILER_GLOBAL_ACCENT_COLOR_NAME = AccentColor;
				CODE_SIGN_STYLE = Automatic;
				CURRENT_PROJECT_VERSION = 1;
				DEVELOPMENT_ASSET_PATHS = "\"QuoteOfTheDayWidgetAdv/Preview Content\"";
				DEVELOPMENT_TEAM = TBRLBN5H2K;
				ENABLE_PREVIEWS = YES;
				GENERATE_INFOPLIST_FILE = YES;
				INFOPLIST_KEY_UIApplicationSceneManifest_Generation = YES;
				INFOPLIST_KEY_UIApplicationSupportsIndirectInputEvents = YES;
				INFOPLIST_KEY_UILaunchScreen_Generation = YES;
				INFOPLIST_KEY_UISupportedInterfaceOrientations_iPad = "UIInterfaceOrientationPortrait UIInterfaceOrientationPortraitUpsideDown UIInterfaceOrientationLandscapeLeft UIInterfaceOrientationLandscapeRight";
				INFOPLIST_KEY_UISupportedInterfaceOrientations_iPhone = "UIInterfaceOrientationPortrait UIInterfaceOrientationLandscapeLeft UIInterfaceOrientationLandscapeRight";
				LD_RUNPATH_SEARCH_PATHS = (
					"$(inherited)",
					"@executable_path/Frameworks",
				);
				MARKETING_VERSION = 1.0;
				PRODUCT_BUNDLE_IDENTIFIER = com.keyhanmortezaeifar.QuoteOfTheDayWidgetAdv;
				PRODUCT_NAME = "$(TARGET_NAME)";
				SWIFT_EMIT_LOC_STRINGS = YES;
				SWIFT_VERSION = 5.0;
				TARGETED_DEVICE_FAMILY = "1,2";
			};
			name = Debug;
		};
		EF56465C2B0E33E200ED65DA /* Release */ = {
			isa = XCBuildConfiguration;
			buildSettings = {
				ALWAYS_EMBED_SWIFT_STANDARD_LIBRARIES = YES;
				ASSETCATALOG_COMPILER_APPICON_NAME = AppIcon;
				ASSETCATALOG_COMPILER_GLOBAL_ACCENT_COLOR_NAME = AccentColor;
				CODE_SIGN_STYLE = Automatic;
				CURRENT_PROJECT_VERSION = 1;
				DEVELOPMENT_ASSET_PATHS = "\"QuoteOfTheDayWidgetAdv/Preview Content\"";
				DEVELOPMENT_TEAM = TBRLBN5H2K;
				ENABLE_PREVIEWS = YES;
				GENERATE_INFOPLIST_FILE = YES;
				INFOPLIST_KEY_UIApplicationSceneManifest_Generation = YES;
				INFOPLIST_KEY_UIApplicationSupportsIndirectInputEvents = YES;
				INFOPLIST_KEY_UILaunchScreen_Generation = YES;
				INFOPLIST_KEY_UISupportedInterfaceOrientations_iPad = "UIInterfaceOrientationPortrait UIInterfaceOrientationPortraitUpsideDown UIInterfaceOrientationLandscapeLeft UIInterfaceOrientationLandscapeRight";
				INFOPLIST_KEY_UISupportedInterfaceOrientations_iPhone = "UIInterfaceOrientationPortrait UIInterfaceOrientationLandscapeLeft UIInterfaceOrientationLandscapeRight";
				LD_RUNPATH_SEARCH_PATHS = (
					"$(inherited)",
					"@executable_path/Frameworks",
				);
				MARKETING_VERSION = 1.0;
				PRODUCT_BUNDLE_IDENTIFIER = com.keyhanmortezaeifar.QuoteOfTheDayWidgetAdv;
				PRODUCT_NAME = "$(TARGET_NAME)";
				SWIFT_EMIT_LOC_STRINGS = YES;
				SWIFT_VERSION = 5.0;
				TARGETED_DEVICE_FAMILY = "1,2";
			};
			name = Release;
		};
		EF5646772B0E347C00ED65DA /* Debug */ = {
			isa = XCBuildConfiguration;
			buildSettings = {
				ASSETCATALOG_COMPILER_GLOBAL_ACCENT_COLOR_NAME = AccentColor;
				ASSETCATALOG_COMPILER_WIDGET_BACKGROUND_COLOR_NAME = WidgetBackground;
				CODE_SIGN_STYLE = Automatic;
				CURRENT_PROJECT_VERSION = 1;
				DEVELOPMENT_TEAM = TBRLBN5H2K;
				GENERATE_INFOPLIST_FILE = YES;
				INFOPLIST_FILE = DailyColorQuote/Info.plist;
				INFOPLIST_KEY_CFBundleDisplayName = DailyColorQuote;
				INFOPLIST_KEY_NSHumanReadableCopyright = "";
				LD_RUNPATH_SEARCH_PATHS = (
					"$(inherited)",
					"@executable_path/Frameworks",
					"@executable_path/../../Frameworks",
				);
				MARKETING_VERSION = 1.0;
				PRODUCT_BUNDLE_IDENTIFIER = com.keyhanmortezaeifar.QuoteOfTheDayWidgetAdv.DailyColorQuote;
				PRODUCT_NAME = "$(TARGET_NAME)";
				SKIP_INSTALL = YES;
				SWIFT_EMIT_LOC_STRINGS = YES;
				SWIFT_VERSION = 5.0;
				TARGETED_DEVICE_FAMILY = "1,2";
			};
			name = Debug;
		};
		EF5646782B0E347C00ED65DA /* Release */ = {
			isa = XCBuildConfiguration;
			buildSettings = {
				ASSETCATALOG_COMPILER_GLOBAL_ACCENT_COLOR_NAME = AccentColor;
				ASSETCATALOG_COMPILER_WIDGET_BACKGROUND_COLOR_NAME = WidgetBackground;
				CODE_SIGN_STYLE = Automatic;
				CURRENT_PROJECT_VERSION = 1;
				DEVELOPMENT_TEAM = TBRLBN5H2K;
				GENERATE_INFOPLIST_FILE = YES;
				INFOPLIST_FILE = DailyColorQuote/Info.plist;
				INFOPLIST_KEY_CFBundleDisplayName = DailyColorQuote;
				INFOPLIST_KEY_NSHumanReadableCopyright = "";
				LD_RUNPATH_SEARCH_PATHS = (
					"$(inherited)",
					"@executable_path/Frameworks",
					"@executable_path/../../Frameworks",
				);
				MARKETING_VERSION = 1.0;
				PRODUCT_BUNDLE_IDENTIFIER = com.keyhanmortezaeifar.QuoteOfTheDayWidgetAdv.DailyColorQuote;
				PRODUCT_NAME = "$(TARGET_NAME)";
				SKIP_INSTALL = YES;
				SWIFT_EMIT_LOC_STRINGS = YES;
				SWIFT_VERSION = 5.0;
				TARGETED_DEVICE_FAMILY = "1,2";
			};
			name = Release;
		};
/* End XCBuildConfiguration section */

/* Begin XCConfigurationList section */
		EF5646472B0E33E100ED65DA /* Build configuration list for PBXProject "QuoteOfTheDayWidgetAdv" */ = {
			isa = XCConfigurationList;
			buildConfigurations = (
				EF5646582B0E33E200ED65DA /* Debug */,
				EF5646592B0E33E200ED65DA /* Release */,
			);
			defaultConfigurationIsVisible = 0;
			defaultConfigurationName = Release;
		};
		EF56465A2B0E33E200ED65DA /* Build configuration list for PBXNativeTarget "QuoteOfTheDayWidgetAdv" */ = {
			isa = XCConfigurationList;
			buildConfigurations = (
				EF56465B2B0E33E200ED65DA /* Debug */,
				EF56465C2B0E33E200ED65DA /* Release */,
			);
			defaultConfigurationIsVisible = 0;
			defaultConfigurationName = Release;
		};
		EF5646762B0E347C00ED65DA /* Build configuration list for PBXNativeTarget "DailyColorQuoteExtension" */ = {
			isa = XCConfigurationList;
			buildConfigurations = (
				EF5646772B0E347C00ED65DA /* Debug */,
				EF5646782B0E347C00ED65DA /* Release */,
			);
			defaultConfigurationIsVisible = 0;
			defaultConfigurationName = Release;
		};
/* End XCConfigurationList section */
	};
	rootObject = EF5646442B0E33E100ED65DA /* Project object */;
}
